schema: '2.0'
stages:
  prepare:
    cmd: python src/prepare.py
    deps:
    - path: src/data/dataset.csv
      hash: md5
      md5: 2219249bc86a065cdadae737a7e3033d
      size: 648353
    - path: src/prepare.py
      hash: md5
      md5: b7be39137fedcd9b073e7100e67660e5
      size: 579
    outs:
    - path: src/data/test.csv
      hash: md5
      md5: 3313c44e8552c5015006fad706d18afb
      size: 222845
    - path: src/data/train.csv
      hash: md5
      md5: 6ae88cbe2e5a5c5cffaf002df92ec77e
      size: 617794
  train:
    cmd: python src/train.py
    deps:
    - path: src/data/train.csv
      hash: md5
      md5: 6ae88cbe2e5a5c5cffaf002df92ec77e
      size: 617794
    - path: src/train.py
      hash: md5
      md5: 46b9a7c20fb611f0efb70762e8424367
      size: 735
    params:
      params.yaml:
        train:
          n_estimators: 1100
          learning_rate: 0.004
          max_depth: 7
          random_state: 42
    outs:
    - path: src/data/weights.joblib
      hash: md5
      md5: 81c5bf4ffeb299b9e1f136dc81c74852
      size: 19666931
  test:
    cmd: python src/test.py
    deps:
    - path: src/data/test.csv
      hash: md5
      md5: 3313c44e8552c5015006fad706d18afb
      size: 222845
    - path: src/data/weights.joblib
      hash: md5
      md5: 81c5bf4ffeb299b9e1f136dc81c74852
      size: 19666931
    - path: src/test.py
      hash: md5
      md5: 585fe5b63d274e792b57ee9a5d70ba67
      size: 562
    outs:
    - path: src/data/metrics.json
      hash: md5
      md5: a14d09922e2a47c45a5054ab6bd4ac89
      size: 30
