schema: '2.0'
stages:
  prepare:
    cmd: python src/prepare.py --config_path configs/prepare.yaml
    deps:
    - path: data/dataset.csv
      hash: md5
      md5: 2219249bc86a065cdadae737a7e3033d
      size: 648353
    - path: src/prepare.py
      hash: md5
      md5: 966e886f64d57ff398579e3945bff414
      size: 1454
    outs:
    - path: data/test.csv
      hash: md5
      md5: 28b200a5a25481f9cbb09f4f9ff433e9
      size: 208529
    - path: data/train.csv
      hash: md5
      md5: 3882eb013cbddd116d9471e5811f2dac
      size: 577902
  train:
    cmd: python src/train.py --config_path configs/train.yaml
    deps:
    - path: data/train.csv
      hash: md5
      md5: 3882eb013cbddd116d9471e5811f2dac
      size: 577902
    - path: src/train.py
      hash: md5
      md5: 1e14da1e1d6b10f4db68a128e9f24ef6
      size: 1442
    params:
      params.yaml:
        train:
          n_estimators: 1100
          learning_rate: 0.004
          max_depth: 7
          random_state: 42
    outs:
    - path: data/weights.joblib
      hash: md5
      md5: 1f12686898471e1ccf133f8f84ba2379
      size: 19703197
  test:
    cmd: python src/test.py --config_path configs/test.yaml
    deps:
    - path: data/test.csv
      hash: md5
      md5: 28b200a5a25481f9cbb09f4f9ff433e9
      size: 208529
    - path: data/weights.joblib
      hash: md5
      md5: 1f12686898471e1ccf133f8f84ba2379
      size: 19703197
    - path: src/test.py
      hash: md5
      md5: 7e7c933e222f7056e30214b37133026a
      size: 1235
    outs:
    - path: data/metrics.json
      hash: md5
      md5: b0079f45db5e8d909eb4e6a6ac2b0ef7
      size: 30
